
Microsoft Visual Studio Solution File, Format Version 12.00
# Visual Studio Version 17
VisualStudioVersion = 17.9.34728.123
MinimumVisualStudioVersion = 10.0.40219.1
Project("{FAE04EC0-301F-11D3-BF4B-00C04F79EFBC}") = "Crossy roads", "Crossy roads\Crossy roads.csproj", "{ACB384F2-A03D-4871-97D0-6207C2996367}"
EndProject
Global
	GlobalSection(SolutionConfigurationPlatforms) = preSolution
		Debug|Any CPU = Debug|Any CPU
		Release|Any CPU = Release|Any CPU
	EndGlobalSection
	GlobalSection(ProjectConfigurationPlatforms) = postSolution
		{ACB384F2-A03D-4871-97D0-6207C2996367}.Debug|Any CPU.ActiveCfg = Debug|Any CPU
		{ACB384F2-A03D-4871-97D0-6207C2996367}.Debug|Any CPU.Build.0 = Debug|Any CPU
		{ACB384F2-A03D-4871-97D0-6207C2996367}.Release|Any CPU.ActiveCfg = Release|Any CPU
		{ACB384F2-A03D-4871-97D0-6207C2996367}.Release|Any CPU.Build.0 = Release|Any CPU
	EndGlobalSection
	GlobalSection(SolutionProperties) = preSolution
		HideSolutionNode = FALSE
	EndGlobalSection
	GlobalSection(ExtensibilityGlobals) = postSolution
		SolutionGuid = {536DAF89-BCF1-433F-A4B2-D96BCF51F955}
	EndGlobalSection
EndGlobal
